<?xml version="1.0" encoding="UTF-8" standalone="yes" ?>
<CodeBlocks_project_file>
	<FileVersion major="1" minor="6" />
	<Project>
		<Option title="TP1_2.2025" />
		<Option pch_mode="2" />
		<Option compiler="gcc" />
		<Option virtualFolders="scr/dominio/;scr/entidade/" />
		<Build>
			<Target title="Debug">
				<Option output="bin/Debug/TP1_2" prefix_auto="1" extension_auto="1" />
				<Option object_output="obj/Debug/" />
				<Option type="1" />
				<Option compiler="gcc" />
				<Compiler>
					<Add option="-g" />
					<Add directory="C:/Users/Dell/OneDrive/TP1_2.2025/scr" />
				</Compiler>
			</Target>
			<Target title="Release">
				<Option output="bin/Release/TP1_2" prefix_auto="1" extension_auto="1" />
				<Option object_output="obj/Release/" />
				<Option type="1" />
				<Option compiler="gcc" />
				<Compiler>
					<Add option="-O2" />
				</Compiler>
				<Linker>
					<Add option="-s" />
				</Linker>
			</Target>
		</Build>
		<Compiler>
			<Add option="-Wall" />
			<Add option="-fexceptions" />
			<Add directory="C:/Users/Dell/OneDrive/TP1_2.2025/src/dominio" />
		</Compiler>
		<Unit filename="../scr/apresentacao/ApresentacaoGeral.cpp" />
		<Unit filename="../scr/apresentacao/ApresentacaoGeral.h" />
		<Unit filename="../scr/apresentacao/ApresentacaoGerente.cpp" />
		<Unit filename="../scr/apresentacao/ApresentacaoGerente.h" />
		<Unit filename="../scr/apresentacao/ApresentacaoHospede.cpp" />
		<Unit filename="../scr/apresentacao/ApresentacaoHospede.h" />
		<Unit filename="../scr/apresentacao/ApresentacaoHotel.cpp" />
		<Unit filename="../scr/apresentacao/ApresentacaoHotel.h" />
		<Unit filename="../scr/apresentacao/ApresentacaoQuarto.cpp" />
		<Unit filename="../scr/apresentacao/ApresentacaoQuarto.h" />
		<Unit filename="../scr/apresentacao/ApresentacaoReserva.cpp" />
		<Unit filename="../scr/apresentacao/ApresentacaoReserva.h" />
		<Unit filename="../scr/dominio/Capacidade.cpp" />
		<Unit filename="../scr/dominio/Capacidade.h" />
		<Unit filename="../scr/dominio/Cartao.cpp" />
		<Unit filename="../scr/dominio/Cartao.h" />
		<Unit filename="../scr/dominio/Codigo.cpp" />
		<Unit filename="../scr/dominio/Codigo.h" />
		<Unit filename="../scr/dominio/Data.cpp" />
		<Unit filename="../scr/dominio/Data.h" />
		<Unit filename="../scr/dominio/Dinheiro.cpp" />
		<Unit filename="../scr/dominio/Dinheiro.h" />
		<Unit filename="../scr/dominio/Email.cpp" />
		<Unit filename="../scr/dominio/Email.h" />
		<Unit filename="../scr/dominio/Endereco.cpp" />
		<Unit filename="../scr/dominio/Endereco.h" />
		<Unit filename="../scr/dominio/Nome.cpp" />
		<Unit filename="../scr/dominio/Nome.h" />
		<Unit filename="../scr/dominio/Numero.cpp" />
		<Unit filename="../scr/dominio/Numero.h" />
		<Unit filename="../scr/dominio/Ramal.cpp" />
		<Unit filename="../scr/dominio/Ramal.h" />
		<Unit filename="../scr/dominio/Senha.cpp" />
		<Unit filename="../scr/dominio/Senha.h">
			<Option virtualFolder="scr/entidade/" />
		</Unit>
		<Unit filename="../scr/dominio/Telefone.cpp" />
		<Unit filename="../scr/dominio/Telefone.h" />
		<Unit filename="../scr/dominio/dominio.h" />
		<Unit filename="../scr/entidade/Gerente.cpp" />
		<Unit filename="../scr/entidade/Gerente.h" />
		<Unit filename="../scr/entidade/Hospede.cpp" />
		<Unit filename="../scr/entidade/Hospede.h" />
		<Unit filename="../scr/entidade/Hotel.cpp" />
		<Unit filename="../scr/entidade/Hotel.h" />
		<Unit filename="../scr/entidade/Pessoa.cpp" />
		<Unit filename="../scr/entidade/Pessoa.h" />
		<Unit filename="../scr/entidade/Quarto.cpp" />
		<Unit filename="../scr/entidade/Quarto.h" />
		<Unit filename="../scr/entidade/Reserva.cpp" />
		<Unit filename="../scr/entidade/Reserva.h" />
		<Unit filename="../scr/interfaces/IGerenteService.h" />
		<Unit filename="../scr/interfaces/IHospedeService.h" />
		<Unit filename="../scr/interfaces/IHotelService.h" />
		<Unit filename="../scr/interfaces/IQuartoService.h" />
		<Unit filename="../scr/interfaces/IReservaService.h" />
		<Unit filename="../scr/servico/GerenteService.cpp" />
		<Unit filename="../scr/servico/GerenteService.h" />
		<Unit filename="../scr/servico/HospedeService.cpp" />
		<Unit filename="../scr/servico/HospedeService.h" />
		<Unit filename="../scr/servico/HotelService.cpp" />
		<Unit filename="../scr/servico/HotelService.h" />
		<Unit filename="../scr/servico/QuartoService.cpp" />
		<Unit filename="../scr/servico/QuartoService.h" />
		<Unit filename="../scr/servico/ReservaService.cpp" />
		<Unit filename="../scr/servico/ReservaService.h" />
		<Unit filename="main.cpp">
			<Option virtualFolder="scr/dominio/" />
		</Unit>
		<Extensions>
			<lib_finder disable_auto="1" />
		</Extensions>
	</Project>
</CodeBlocks_project_file>
